
Microsoft Visual Studio Solution File, Format Version 12.00
# Visual Studio Version 17
VisualStudioVersion = 17.5.33516.290
MinimumVisualStudioVersion = 10.0.40219.1
Project("{FAE04EC0-301F-11D3-BF4B-00C04F79EFBC}") = "Mini Project #3", "Mini Project #3.csproj", "{34486BA4-9FB0-4C7B-96BA-B6A95080F40D}"
EndProject
Global
	GlobalSection(SolutionConfigurationPlatforms) = preSolution
		Debug|Any CPU = Debug|Any CPU
		Release|Any CPU = Release|Any CPU
	EndGlobalSection
	GlobalSection(ProjectConfigurationPlatforms) = postSolution
		{34486BA4-9FB0-4C7B-96BA-B6A95080F40D}.Debug|Any CPU.ActiveCfg = Debug|Any CPU
		{34486BA4-9FB0-4C7B-96BA-B6A95080F40D}.Debug|Any CPU.Build.0 = Debug|Any CPU
		{34486BA4-9FB0-4C7B-96BA-B6A95080F40D}.Release|Any CPU.ActiveCfg = Release|Any CPU
		{34486BA4-9FB0-4C7B-96BA-B6A95080F40D}.Release|Any CPU.Build.0 = Release|Any CPU
	EndGlobalSection
	GlobalSection(SolutionProperties) = preSolution
		HideSolutionNode = FALSE
	EndGlobalSection
	GlobalSection(ExtensibilityGlobals) = postSolution
		SolutionGuid = {A08AB1CC-7428-4EAB-B200-BCF5E593690D}
	EndGlobalSection
EndGlobal
